
Microsoft Visual Studio Solution File, Format Version 12.00
# Visual Studio Version 17
VisualStudioVersion = 17.10.35027.167
MinimumVisualStudioVersion = 10.0.40219.1
Project("{9A19103F-16F7-4668-BE54-9A1E7A4F7556}") = "BlazorApp1", "BlazorApp1\BlazorApp1\BlazorApp1.csproj", "{6CC2A9F9-9EE0-4346-8077-383A739C2093}"
EndProject
Project("{9A19103F-16F7-4668-BE54-9A1E7A4F7556}") = "BlazorApp1.Client", "BlazorApp1\BlazorApp1.Client\BlazorApp1.Client.csproj", "{77021444-16CA-4CFF-9530-B192CB15614F}"
EndProject
Global
	GlobalSection(SolutionConfigurationPlatforms) = preSolution
		Debug|Any CPU = Debug|Any CPU
		Release|Any CPU = Release|Any CPU
	EndGlobalSection
	GlobalSection(ProjectConfigurationPlatforms) = postSolution
		{6CC2A9F9-9EE0-4346-8077-383A739C2093}.Debug|Any CPU.ActiveCfg = Debug|Any CPU
		{6CC2A9F9-9EE0-4346-8077-383A739C2093}.Debug|Any CPU.Build.0 = Debug|Any CPU
		{6CC2A9F9-9EE0-4346-8077-383A739C2093}.Release|Any CPU.ActiveCfg = Release|Any CPU
		{6CC2A9F9-9EE0-4346-8077-383A739C2093}.Release|Any CPU.Build.0 = Release|Any CPU
		{77021444-16CA-4CFF-9530-B192CB15614F}.Debug|Any CPU.ActiveCfg = Debug|Any CPU
		{77021444-16CA-4CFF-9530-B192CB15614F}.Debug|Any CPU.Build.0 = Debug|Any CPU
		{77021444-16CA-4CFF-9530-B192CB15614F}.Release|Any CPU.ActiveCfg = Release|Any CPU
		{77021444-16CA-4CFF-9530-B192CB15614F}.Release|Any CPU.Build.0 = Release|Any CPU
	EndGlobalSection
	GlobalSection(SolutionProperties) = preSolution
		HideSolutionNode = FALSE
	EndGlobalSection
	GlobalSection(ExtensibilityGlobals) = postSolution
		SolutionGuid = {845E8143-48DB-4E65-9349-19C41F00F45C}
	EndGlobalSection
EndGlobal
